
Microsoft Visual Studio Solution File, Format Version 12.00
# Visual Studio Version 17
VisualStudioVersion = 17.11.35222.181
MinimumVisualStudioVersion = 10.0.40219.1
Project("{2150E333-8FDC-42A3-9474-1A3956D46DE8}") = "Task0", "Task0", "{FA61EBCB-C878-4574-994F-C6311E418A72}"
EndProject
Project("{FAE04EC0-301F-11D3-BF4B-00C04F79EFBC}") = "Tyuiu.SungurovSV.Sprint2.Task0.V4", "Tyuiu.SungurovSV.Sprint2.Task0.V4\Tyuiu.SungurovSV.Sprint2.Task0.V4.csproj", "{EF1856C3-15B8-47E4-AA57-B34B187F8B43}"
EndProject
Project("{FAE04EC0-301F-11D3-BF4B-00C04F79EFBC}") = "Tyuiu.SungurovSV.Sprint2.Task0.V4.Lib", "Tyuiu.SungurovSV.Sprint2.Task0.V4.Lib\Tyuiu.SungurovSV.Sprint2.Task0.V4.Lib.csproj", "{0482937C-131F-4131-BBB6-71A0FD983FDD}"
EndProject
Project("{FAE04EC0-301F-11D3-BF4B-00C04F79EFBC}") = "Tyuiu.SungurovSV.Sprint2.Task0.V4.Test", "Tyuiu.SungurovSV.Sprint2.Task0.V4.Test\Tyuiu.SungurovSV.Sprint2.Task0.V4.Test.csproj", "{8C85034C-8BC3-43A9-A787-F8C7031B6CEF}"
EndProject
Project("{2150E333-8FDC-42A3-9474-1A3956D46DE8}") = "Task1", "Task1", "{2C1308D9-C55F-4C0F-9026-AE62A68E6BD3}"
EndProject
Project("{FAE04EC0-301F-11D3-BF4B-00C04F79EFBC}") = "Tyuiu.SungurovSV.Sprint2.Task1.V22", "Tyuiu.SungurovSV.Sprint2.Task1.V22\Tyuiu.SungurovSV.Sprint2.Task1.V22.csproj", "{EA58E6D1-3E19-460B-812F-74FB5171433D}"
EndProject
Project("{FAE04EC0-301F-11D3-BF4B-00C04F79EFBC}") = "Tyuiu.SungurovSV.Sprint2.Task1.V22.Lib", "Tyuiu.SungurovSV.Sprint2.Task1.V22.Lib\Tyuiu.SungurovSV.Sprint2.Task1.V22.Lib.csproj", "{D2CB2F23-EF15-4E74-8A1C-3D39A63B0957}"
EndProject
Project("{FAE04EC0-301F-11D3-BF4B-00C04F79EFBC}") = "Tyuiu.SungurovSV.Sprint2.Task1.V22.Test", "Tyuiu.SungurovSV.Sprint2.Task1.V22.Test\Tyuiu.SungurovSV.Sprint2.Task1.V22.Test.csproj", "{9F4DFF0C-1886-4E44-9078-4937B4C24000}"
EndProject
Global
	GlobalSection(SolutionConfigurationPlatforms) = preSolution
		Debug|Any CPU = Debug|Any CPU
		Release|Any CPU = Release|Any CPU
	EndGlobalSection
	GlobalSection(ProjectConfigurationPlatforms) = postSolution
		{EF1856C3-15B8-47E4-AA57-B34B187F8B43}.Debug|Any CPU.ActiveCfg = Debug|Any CPU
		{EF1856C3-15B8-47E4-AA57-B34B187F8B43}.Debug|Any CPU.Build.0 = Debug|Any CPU
		{EF1856C3-15B8-47E4-AA57-B34B187F8B43}.Release|Any CPU.ActiveCfg = Release|Any CPU
		{EF1856C3-15B8-47E4-AA57-B34B187F8B43}.Release|Any CPU.Build.0 = Release|Any CPU
		{0482937C-131F-4131-BBB6-71A0FD983FDD}.Debug|Any CPU.ActiveCfg = Debug|Any CPU
		{0482937C-131F-4131-BBB6-71A0FD983FDD}.Debug|Any CPU.Build.0 = Debug|Any CPU
		{0482937C-131F-4131-BBB6-71A0FD983FDD}.Release|Any CPU.ActiveCfg = Release|Any CPU
		{0482937C-131F-4131-BBB6-71A0FD983FDD}.Release|Any CPU.Build.0 = Release|Any CPU
		{8C85034C-8BC3-43A9-A787-F8C7031B6CEF}.Debug|Any CPU.ActiveCfg = Debug|Any CPU
		{8C85034C-8BC3-43A9-A787-F8C7031B6CEF}.Debug|Any CPU.Build.0 = Debug|Any CPU
		{8C85034C-8BC3-43A9-A787-F8C7031B6CEF}.Release|Any CPU.ActiveCfg = Release|Any CPU
		{8C85034C-8BC3-43A9-A787-F8C7031B6CEF}.Release|Any CPU.Build.0 = Release|Any CPU
		{EA58E6D1-3E19-460B-812F-74FB5171433D}.Debug|Any CPU.ActiveCfg = Debug|Any CPU
		{EA58E6D1-3E19-460B-812F-74FB5171433D}.Debug|Any CPU.Build.0 = Debug|Any CPU
		{EA58E6D1-3E19-460B-812F-74FB5171433D}.Release|Any CPU.ActiveCfg = Release|Any CPU
		{EA58E6D1-3E19-460B-812F-74FB5171433D}.Release|Any CPU.Build.0 = Release|Any CPU
		{D2CB2F23-EF15-4E74-8A1C-3D39A63B0957}.Debug|Any CPU.ActiveCfg = Debug|Any CPU
		{D2CB2F23-EF15-4E74-8A1C-3D39A63B0957}.Debug|Any CPU.Build.0 = Debug|Any CPU
		{D2CB2F23-EF15-4E74-8A1C-3D39A63B0957}.Release|Any CPU.ActiveCfg = Release|Any CPU
		{D2CB2F23-EF15-4E74-8A1C-3D39A63B0957}.Release|Any CPU.Build.0 = Release|Any CPU
		{9F4DFF0C-1886-4E44-9078-4937B4C24000}.Debug|Any CPU.ActiveCfg = Debug|Any CPU
		{9F4DFF0C-1886-4E44-9078-4937B4C24000}.Debug|Any CPU.Build.0 = Debug|Any CPU
		{9F4DFF0C-1886-4E44-9078-4937B4C24000}.Release|Any CPU.ActiveCfg = Release|Any CPU
		{9F4DFF0C-1886-4E44-9078-4937B4C24000}.Release|Any CPU.Build.0 = Release|Any CPU
	EndGlobalSection
	GlobalSection(SolutionProperties) = preSolution
		HideSolutionNode = FALSE
	EndGlobalSection
	GlobalSection(NestedProjects) = preSolution
		{EF1856C3-15B8-47E4-AA57-B34B187F8B43} = {FA61EBCB-C878-4574-994F-C6311E418A72}
		{0482937C-131F-4131-BBB6-71A0FD983FDD} = {FA61EBCB-C878-4574-994F-C6311E418A72}
		{8C85034C-8BC3-43A9-A787-F8C7031B6CEF} = {FA61EBCB-C878-4574-994F-C6311E418A72}
		{EA58E6D1-3E19-460B-812F-74FB5171433D} = {2C1308D9-C55F-4C0F-9026-AE62A68E6BD3}
		{D2CB2F23-EF15-4E74-8A1C-3D39A63B0957} = {2C1308D9-C55F-4C0F-9026-AE62A68E6BD3}
		{9F4DFF0C-1886-4E44-9078-4937B4C24000} = {2C1308D9-C55F-4C0F-9026-AE62A68E6BD3}
	EndGlobalSection
	GlobalSection(ExtensibilityGlobals) = postSolution
		SolutionGuid = {EE0BCA06-4090-49EF-B62D-621B89CCA1B6}
	EndGlobalSection
EndGlobal
