
Microsoft Visual Studio Solution File, Format Version 12.00
# Visual Studio Version 17
VisualStudioVersion = 17.11.35222.181
MinimumVisualStudioVersion = 10.0.40219.1
Project("{2150E333-8FDC-42A3-9474-1A3956D46DE8}") = "Task0", "Task0", "{FA61EBCB-C878-4574-994F-C6311E418A72}"
EndProject
Project("{FAE04EC0-301F-11D3-BF4B-00C04F79EFBC}") = "Tyuiu.SungurovSV.Sprint2.Task0.V4", "Tyuiu.SungurovSV.Sprint2.Task0.V4\Tyuiu.SungurovSV.Sprint2.Task0.V4.csproj", "{EF1856C3-15B8-47E4-AA57-B34B187F8B43}"
EndProject
Project("{FAE04EC0-301F-11D3-BF4B-00C04F79EFBC}") = "Tyuiu.SungurovSV.Sprint2.Task0.V4.Lib", "Tyuiu.SungurovSV.Sprint2.Task0.V4.Lib\Tyuiu.SungurovSV.Sprint2.Task0.V4.Lib.csproj", "{0482937C-131F-4131-BBB6-71A0FD983FDD}"
EndProject
Project("{FAE04EC0-301F-11D3-BF4B-00C04F79EFBC}") = "Tyuiu.SungurovSV.Sprint2.Task0.V4.Test", "Tyuiu.SungurovSV.Sprint2.Task0.V4.Test\Tyuiu.SungurovSV.Sprint2.Task0.V4.Test.csproj", "{8C85034C-8BC3-43A9-A787-F8C7031B6CEF}"
EndProject
Project("{2150E333-8FDC-42A3-9474-1A3956D46DE8}") = "Task1", "Task1", "{2C1308D9-C55F-4C0F-9026-AE62A68E6BD3}"
EndProject
Project("{FAE04EC0-301F-11D3-BF4B-00C04F79EFBC}") = "Tyuiu.SungurovSV.Sprint2.Task1.V22", "Tyuiu.SungurovSV.Sprint2.Task1.V22\Tyuiu.SungurovSV.Sprint2.Task1.V22.csproj", "{EA58E6D1-3E19-460B-812F-74FB5171433D}"
EndProject
Project("{FAE04EC0-301F-11D3-BF4B-00C04F79EFBC}") = "Tyuiu.SungurovSV.Sprint2.Task1.V22.Lib", "Tyuiu.SungurovSV.Sprint2.Task1.V22.Lib\Tyuiu.SungurovSV.Sprint2.Task1.V22.Lib.csproj", "{D2CB2F23-EF15-4E74-8A1C-3D39A63B0957}"
EndProject
Project("{FAE04EC0-301F-11D3-BF4B-00C04F79EFBC}") = "Tyuiu.SungurovSV.Sprint2.Task1.V22.Test", "Tyuiu.SungurovSV.Sprint2.Task1.V22.Test\Tyuiu.SungurovSV.Sprint2.Task1.V22.Test.csproj", "{9F4DFF0C-1886-4E44-9078-4937B4C24000}"
EndProject
Project("{2150E333-8FDC-42A3-9474-1A3956D46DE8}") = "Task2", "Task2", "{8E539022-0D9D-47B1-97BE-7E8EE5AF3523}"
EndProject
Project("{FAE04EC0-301F-11D3-BF4B-00C04F79EFBC}") = "Test", "Test\Test.csproj", "{F4A026C5-CA36-457A-81D0-C89947033396}"
EndProject
Project("{FAE04EC0-301F-11D3-BF4B-00C04F79EFBC}") = "Tyuiu.SungurovSV.Sprint2.Task2.V27", "Tyuiu.SungurovSV.Sprint2.Task2.V27\Tyuiu.SungurovSV.Sprint2.Task2.V27.csproj", "{A3778B0D-9E15-47C5-A55D-9916F1D02658}"
EndProject
Project("{FAE04EC0-301F-11D3-BF4B-00C04F79EFBC}") = "Tyuiu.SungurovSV.Sprint2.Task2.V27.Lib", "Tyuiu.SungurovSV.Sprint2.Task2.V27.Lib\Tyuiu.SungurovSV.Sprint2.Task2.V27.Lib.csproj", "{14B4F2A1-7A94-4066-8081-DD2EBA5DB236}"
EndProject
Project("{FAE04EC0-301F-11D3-BF4B-00C04F79EFBC}") = "Tyuiu.SungurovSV.Sprint2.Task2.V27.Test", "Tyuiu.SungurovSV.Sprint2.Task2.V27.Test\Tyuiu.SungurovSV.Sprint2.Task2.V27.Test.csproj", "{3EF006D1-9074-47C6-BDCA-89C38CD3BB5D}"
EndProject
Project("{2150E333-8FDC-42A3-9474-1A3956D46DE8}") = "Task3", "Task3", "{B615ED77-BC9C-475D-ABA2-5F26D84B8C52}"
EndProject
Project("{FAE04EC0-301F-11D3-BF4B-00C04F79EFBC}") = "Tyuiu.SungurovSV.Sprint2.Task3.V7", "Tyuiu.SungurovSV.Sprint2.Task3.V7\Tyuiu.SungurovSV.Sprint2.Task3.V7.csproj", "{27CEE99A-8D5E-4758-9909-98C58AB2835C}"
EndProject
Project("{FAE04EC0-301F-11D3-BF4B-00C04F79EFBC}") = "Tyuiu.SungurovSV.Sprint2.Task3.V7.Lib", "Tyuiu.SungurovSV.Sprint2.Task3.V7.Lib\Tyuiu.SungurovSV.Sprint2.Task3.V7.Lib.csproj", "{80E38E7B-F4C1-4FAE-8AE5-FF085F91433B}"
EndProject
Project("{FAE04EC0-301F-11D3-BF4B-00C04F79EFBC}") = "Tyuiu.SungurovSV.Sprint2.Task3.V7.Test", "Tyuiu.SungurovSV.Sprint2.Task3.V7.Test\Tyuiu.SungurovSV.Sprint2.Task3.V7.Test.csproj", "{0849F73B-D0EC-4CBF-8A06-58665A3F1F0C}"
EndProject
Project("{2150E333-8FDC-42A3-9474-1A3956D46DE8}") = "Task4", "Task4", "{CDAFC8F5-94C5-406C-833E-357E28696F2B}"
EndProject
Project("{FAE04EC0-301F-11D3-BF4B-00C04F79EFBC}") = "Tyuiu.SungurovSV.Sprint2.Task4.V23", "Tyuiu.SungurovSV.Sprint2.Task4.V23\Tyuiu.SungurovSV.Sprint2.Task4.V23.csproj", "{125D540A-E68E-4646-BDC7-B36C3CCF6479}"
EndProject
Project("{FAE04EC0-301F-11D3-BF4B-00C04F79EFBC}") = "Tyuiu.SungurovSV.Sprint2.Task4.V23.Lib", "Tyuiu.SungurovSV.Sprint2.Task4.V23.Lib\Tyuiu.SungurovSV.Sprint2.Task4.V23.Lib.csproj", "{B6F4F926-90AA-4C56-826C-522A6B2F4906}"
EndProject
Project("{FAE04EC0-301F-11D3-BF4B-00C04F79EFBC}") = "Tyuiu.SungurovSV.Sprint2.Task4.V23.Test", "Tyuiu.SungurovSV.Sprint2.Task4.V23.Test\Tyuiu.SungurovSV.Sprint2.Task4.V23.Test.csproj", "{4E1F5DAC-7139-45CF-BF48-007A809C0BE2}"
EndProject
Global
	GlobalSection(SolutionConfigurationPlatforms) = preSolution
		Debug|Any CPU = Debug|Any CPU
		Release|Any CPU = Release|Any CPU
	EndGlobalSection
	GlobalSection(ProjectConfigurationPlatforms) = postSolution
		{EF1856C3-15B8-47E4-AA57-B34B187F8B43}.Debug|Any CPU.ActiveCfg = Debug|Any CPU
		{EF1856C3-15B8-47E4-AA57-B34B187F8B43}.Debug|Any CPU.Build.0 = Debug|Any CPU
		{EF1856C3-15B8-47E4-AA57-B34B187F8B43}.Release|Any CPU.ActiveCfg = Release|Any CPU
		{EF1856C3-15B8-47E4-AA57-B34B187F8B43}.Release|Any CPU.Build.0 = Release|Any CPU
		{0482937C-131F-4131-BBB6-71A0FD983FDD}.Debug|Any CPU.ActiveCfg = Debug|Any CPU
		{0482937C-131F-4131-BBB6-71A0FD983FDD}.Debug|Any CPU.Build.0 = Debug|Any CPU
		{0482937C-131F-4131-BBB6-71A0FD983FDD}.Release|Any CPU.ActiveCfg = Release|Any CPU
		{0482937C-131F-4131-BBB6-71A0FD983FDD}.Release|Any CPU.Build.0 = Release|Any CPU
		{8C85034C-8BC3-43A9-A787-F8C7031B6CEF}.Debug|Any CPU.ActiveCfg = Debug|Any CPU
		{8C85034C-8BC3-43A9-A787-F8C7031B6CEF}.Debug|Any CPU.Build.0 = Debug|Any CPU
		{8C85034C-8BC3-43A9-A787-F8C7031B6CEF}.Release|Any CPU.ActiveCfg = Release|Any CPU
		{8C85034C-8BC3-43A9-A787-F8C7031B6CEF}.Release|Any CPU.Build.0 = Release|Any CPU
		{EA58E6D1-3E19-460B-812F-74FB5171433D}.Debug|Any CPU.ActiveCfg = Debug|Any CPU
		{EA58E6D1-3E19-460B-812F-74FB5171433D}.Debug|Any CPU.Build.0 = Debug|Any CPU
		{EA58E6D1-3E19-460B-812F-74FB5171433D}.Release|Any CPU.ActiveCfg = Release|Any CPU
		{EA58E6D1-3E19-460B-812F-74FB5171433D}.Release|Any CPU.Build.0 = Release|Any CPU
		{D2CB2F23-EF15-4E74-8A1C-3D39A63B0957}.Debug|Any CPU.ActiveCfg = Debug|Any CPU
		{D2CB2F23-EF15-4E74-8A1C-3D39A63B0957}.Debug|Any CPU.Build.0 = Debug|Any CPU
		{D2CB2F23-EF15-4E74-8A1C-3D39A63B0957}.Release|Any CPU.ActiveCfg = Release|Any CPU
		{D2CB2F23-EF15-4E74-8A1C-3D39A63B0957}.Release|Any CPU.Build.0 = Release|Any CPU
		{9F4DFF0C-1886-4E44-9078-4937B4C24000}.Debug|Any CPU.ActiveCfg = Debug|Any CPU
		{9F4DFF0C-1886-4E44-9078-4937B4C24000}.Debug|Any CPU.Build.0 = Debug|Any CPU
		{9F4DFF0C-1886-4E44-9078-4937B4C24000}.Release|Any CPU.ActiveCfg = Release|Any CPU
		{9F4DFF0C-1886-4E44-9078-4937B4C24000}.Release|Any CPU.Build.0 = Release|Any CPU
		{F4A026C5-CA36-457A-81D0-C89947033396}.Debug|Any CPU.ActiveCfg = Debug|Any CPU
		{F4A026C5-CA36-457A-81D0-C89947033396}.Debug|Any CPU.Build.0 = Debug|Any CPU
		{F4A026C5-CA36-457A-81D0-C89947033396}.Release|Any CPU.ActiveCfg = Release|Any CPU
		{F4A026C5-CA36-457A-81D0-C89947033396}.Release|Any CPU.Build.0 = Release|Any CPU
		{A3778B0D-9E15-47C5-A55D-9916F1D02658}.Debug|Any CPU.ActiveCfg = Debug|Any CPU
		{A3778B0D-9E15-47C5-A55D-9916F1D02658}.Debug|Any CPU.Build.0 = Debug|Any CPU
		{A3778B0D-9E15-47C5-A55D-9916F1D02658}.Release|Any CPU.ActiveCfg = Release|Any CPU
		{A3778B0D-9E15-47C5-A55D-9916F1D02658}.Release|Any CPU.Build.0 = Release|Any CPU
		{14B4F2A1-7A94-4066-8081-DD2EBA5DB236}.Debug|Any CPU.ActiveCfg = Debug|Any CPU
		{14B4F2A1-7A94-4066-8081-DD2EBA5DB236}.Debug|Any CPU.Build.0 = Debug|Any CPU
		{14B4F2A1-7A94-4066-8081-DD2EBA5DB236}.Release|Any CPU.ActiveCfg = Release|Any CPU
		{14B4F2A1-7A94-4066-8081-DD2EBA5DB236}.Release|Any CPU.Build.0 = Release|Any CPU
		{3EF006D1-9074-47C6-BDCA-89C38CD3BB5D}.Debug|Any CPU.ActiveCfg = Debug|Any CPU
		{3EF006D1-9074-47C6-BDCA-89C38CD3BB5D}.Debug|Any CPU.Build.0 = Debug|Any CPU
		{3EF006D1-9074-47C6-BDCA-89C38CD3BB5D}.Release|Any CPU.ActiveCfg = Release|Any CPU
		{3EF006D1-9074-47C6-BDCA-89C38CD3BB5D}.Release|Any CPU.Build.0 = Release|Any CPU
		{27CEE99A-8D5E-4758-9909-98C58AB2835C}.Debug|Any CPU.ActiveCfg = Debug|Any CPU
		{27CEE99A-8D5E-4758-9909-98C58AB2835C}.Debug|Any CPU.Build.0 = Debug|Any CPU
		{27CEE99A-8D5E-4758-9909-98C58AB2835C}.Release|Any CPU.ActiveCfg = Release|Any CPU
		{27CEE99A-8D5E-4758-9909-98C58AB2835C}.Release|Any CPU.Build.0 = Release|Any CPU
		{80E38E7B-F4C1-4FAE-8AE5-FF085F91433B}.Debug|Any CPU.ActiveCfg = Debug|Any CPU
		{80E38E7B-F4C1-4FAE-8AE5-FF085F91433B}.Debug|Any CPU.Build.0 = Debug|Any CPU
		{80E38E7B-F4C1-4FAE-8AE5-FF085F91433B}.Release|Any CPU.ActiveCfg = Release|Any CPU
		{80E38E7B-F4C1-4FAE-8AE5-FF085F91433B}.Release|Any CPU.Build.0 = Release|Any CPU
		{0849F73B-D0EC-4CBF-8A06-58665A3F1F0C}.Debug|Any CPU.ActiveCfg = Debug|Any CPU
		{0849F73B-D0EC-4CBF-8A06-58665A3F1F0C}.Debug|Any CPU.Build.0 = Debug|Any CPU
		{0849F73B-D0EC-4CBF-8A06-58665A3F1F0C}.Release|Any CPU.ActiveCfg = Release|Any CPU
		{0849F73B-D0EC-4CBF-8A06-58665A3F1F0C}.Release|Any CPU.Build.0 = Release|Any CPU
		{125D540A-E68E-4646-BDC7-B36C3CCF6479}.Debug|Any CPU.ActiveCfg = Debug|Any CPU
		{125D540A-E68E-4646-BDC7-B36C3CCF6479}.Debug|Any CPU.Build.0 = Debug|Any CPU
		{125D540A-E68E-4646-BDC7-B36C3CCF6479}.Release|Any CPU.ActiveCfg = Release|Any CPU
		{125D540A-E68E-4646-BDC7-B36C3CCF6479}.Release|Any CPU.Build.0 = Release|Any CPU
		{B6F4F926-90AA-4C56-826C-522A6B2F4906}.Debug|Any CPU.ActiveCfg = Debug|Any CPU
		{B6F4F926-90AA-4C56-826C-522A6B2F4906}.Debug|Any CPU.Build.0 = Debug|Any CPU
		{B6F4F926-90AA-4C56-826C-522A6B2F4906}.Release|Any CPU.ActiveCfg = Release|Any CPU
		{B6F4F926-90AA-4C56-826C-522A6B2F4906}.Release|Any CPU.Build.0 = Release|Any CPU
		{4E1F5DAC-7139-45CF-BF48-007A809C0BE2}.Debug|Any CPU.ActiveCfg = Debug|Any CPU
		{4E1F5DAC-7139-45CF-BF48-007A809C0BE2}.Debug|Any CPU.Build.0 = Debug|Any CPU
		{4E1F5DAC-7139-45CF-BF48-007A809C0BE2}.Release|Any CPU.ActiveCfg = Release|Any CPU
		{4E1F5DAC-7139-45CF-BF48-007A809C0BE2}.Release|Any CPU.Build.0 = Release|Any CPU
	EndGlobalSection
	GlobalSection(SolutionProperties) = preSolution
		HideSolutionNode = FALSE
	EndGlobalSection
	GlobalSection(NestedProjects) = preSolution
		{EF1856C3-15B8-47E4-AA57-B34B187F8B43} = {FA61EBCB-C878-4574-994F-C6311E418A72}
		{0482937C-131F-4131-BBB6-71A0FD983FDD} = {FA61EBCB-C878-4574-994F-C6311E418A72}
		{8C85034C-8BC3-43A9-A787-F8C7031B6CEF} = {FA61EBCB-C878-4574-994F-C6311E418A72}
		{EA58E6D1-3E19-460B-812F-74FB5171433D} = {2C1308D9-C55F-4C0F-9026-AE62A68E6BD3}
		{D2CB2F23-EF15-4E74-8A1C-3D39A63B0957} = {2C1308D9-C55F-4C0F-9026-AE62A68E6BD3}
		{9F4DFF0C-1886-4E44-9078-4937B4C24000} = {2C1308D9-C55F-4C0F-9026-AE62A68E6BD3}
		{A3778B0D-9E15-47C5-A55D-9916F1D02658} = {8E539022-0D9D-47B1-97BE-7E8EE5AF3523}
		{14B4F2A1-7A94-4066-8081-DD2EBA5DB236} = {8E539022-0D9D-47B1-97BE-7E8EE5AF3523}
		{3EF006D1-9074-47C6-BDCA-89C38CD3BB5D} = {8E539022-0D9D-47B1-97BE-7E8EE5AF3523}
		{27CEE99A-8D5E-4758-9909-98C58AB2835C} = {B615ED77-BC9C-475D-ABA2-5F26D84B8C52}
		{80E38E7B-F4C1-4FAE-8AE5-FF085F91433B} = {B615ED77-BC9C-475D-ABA2-5F26D84B8C52}
		{0849F73B-D0EC-4CBF-8A06-58665A3F1F0C} = {B615ED77-BC9C-475D-ABA2-5F26D84B8C52}
		{125D540A-E68E-4646-BDC7-B36C3CCF6479} = {CDAFC8F5-94C5-406C-833E-357E28696F2B}
		{B6F4F926-90AA-4C56-826C-522A6B2F4906} = {CDAFC8F5-94C5-406C-833E-357E28696F2B}
		{4E1F5DAC-7139-45CF-BF48-007A809C0BE2} = {CDAFC8F5-94C5-406C-833E-357E28696F2B}
	EndGlobalSection
	GlobalSection(ExtensibilityGlobals) = postSolution
		SolutionGuid = {EE0BCA06-4090-49EF-B62D-621B89CCA1B6}
	EndGlobalSection
EndGlobal
